
Microsoft Visual Studio Solution File, Format Version 12.00
# Visual Studio Version 16
VisualStudioVersion = 16.0.34902.97
MinimumVisualStudioVersion = 10.0.40219.1
Project("{FAE04EC0-301F-11D3-BF4B-00C04F79EFBC}") = "Company_Mgr", "Company_Mgr\Company_Mgr.csproj", "{2FDE926A-9BC3-4F4A-9723-C90AFD9A521E}"
EndProject
Global
	GlobalSection(SolutionConfigurationPlatforms) = preSolution
		Debug|Any CPU = Debug|Any CPU
		Release|Any CPU = Release|Any CPU
	EndGlobalSection
	GlobalSection(ProjectConfigurationPlatforms) = postSolution
		{2FDE926A-9BC3-4F4A-9723-C90AFD9A521E}.Debug|Any CPU.ActiveCfg = Debug|Any CPU
		{2FDE926A-9BC3-4F4A-9723-C90AFD9A521E}.Debug|Any CPU.Build.0 = Debug|Any CPU
		{2FDE926A-9BC3-4F4A-9723-C90AFD9A521E}.Release|Any CPU.ActiveCfg = Release|Any CPU
		{2FDE926A-9BC3-4F4A-9723-C90AFD9A521E}.Release|Any CPU.Build.0 = Release|Any CPU
	EndGlobalSection
	GlobalSection(SolutionProperties) = preSolution
		HideSolutionNode = FALSE
	EndGlobalSection
	GlobalSection(ExtensibilityGlobals) = postSolution
		SolutionGuid = {168B90C6-C880-4BA8-84C8-03940687CB89}
	EndGlobalSection
EndGlobal
